
Microsoft Visual Studio Solution File, Format Version 12.00
# Visual Studio Version 17
VisualStudioVersion = 17.2.32602.215
MinimumVisualStudioVersion = 10.0.40219.1
Project("{FAE04EC0-301F-11D3-BF4B-00C04F79EFBC}") = "VideoChangeTitle", "VideoChangeTitle\VideoChangeTitle.csproj", "{762BF1D5-BA8A-4AAA-ACA1-4EEE61FC2BDA}"
EndProject
Global
	GlobalSection(SolutionConfigurationPlatforms) = preSolution
		Debug|Any CPU = Debug|Any CPU
		Release|Any CPU = Release|Any CPU
	EndGlobalSection
	GlobalSection(ProjectConfigurationPlatforms) = postSolution
		{762BF1D5-BA8A-4AAA-ACA1-4EEE61FC2BDA}.Debug|Any CPU.ActiveCfg = Debug|Any CPU
		{762BF1D5-BA8A-4AAA-ACA1-4EEE61FC2BDA}.Debug|Any CPU.Build.0 = Debug|Any CPU
		{762BF1D5-BA8A-4AAA-ACA1-4EEE61FC2BDA}.Release|Any CPU.ActiveCfg = Release|Any CPU
		{762BF1D5-BA8A-4AAA-ACA1-4EEE61FC2BDA}.Release|Any CPU.Build.0 = Release|Any CPU
	EndGlobalSection
	GlobalSection(SolutionProperties) = preSolution
		HideSolutionNode = FALSE
	EndGlobalSection
	GlobalSection(ExtensibilityGlobals) = postSolution
		SolutionGuid = {DE8E37FB-DE1C-46CF-A0E5-8A4170380340}
	EndGlobalSection
EndGlobal
